
Microsoft Visual Studio Solution File, Format Version 12.00
# Visual Studio 2012
Project("{F184B08F-C81C-45F6-A57F-5ABD9991F28F}") = "AndroidDownloadReresentativesData", "AndroidDownloadReresentativesPictures\AndroidDownloadReresentativesData.vbproj", "{24B2F6AE-BB4F-4DCB-8E5C-F9E0ADC2D882}"
EndProject
Global
	GlobalSection(TeamFoundationVersionControl) = preSolution
		SccNumberOfProjects = 2
		SccEnterpriseProvider = {4CA58AB2-18FA-4F8D-95D4-32DDF27D184C}
		SccTeamFoundationServer = https://shipowickprojects.visualstudio.com/defaultcollection
		SccLocalPath0 = .
		SccProjectUniqueName1 = AndroidDownloadReresentativesPictures\\AndroidDownloadReresentativesData.vbproj
		SccProjectName1 = AndroidDownloadReresentativesPictures
		SccLocalPath1 = AndroidDownloadReresentativesPictures
	EndGlobalSection
	GlobalSection(SolutionConfigurationPlatforms) = preSolution
		Debug|Any CPU = Debug|Any CPU
		Release|Any CPU = Release|Any CPU
	EndGlobalSection
	GlobalSection(ProjectConfigurationPlatforms) = postSolution
		{24B2F6AE-BB4F-4DCB-8E5C-F9E0ADC2D882}.Debug|Any CPU.ActiveCfg = Debug|Any CPU
		{24B2F6AE-BB4F-4DCB-8E5C-F9E0ADC2D882}.Debug|Any CPU.Build.0 = Debug|Any CPU
		{24B2F6AE-BB4F-4DCB-8E5C-F9E0ADC2D882}.Release|Any CPU.ActiveCfg = Release|Any CPU
		{24B2F6AE-BB4F-4DCB-8E5C-F9E0ADC2D882}.Release|Any CPU.Build.0 = Release|Any CPU
	EndGlobalSection
	GlobalSection(SolutionProperties) = preSolution
		HideSolutionNode = FALSE
	EndGlobalSection
EndGlobal
